{
  "R": {
    "Version": "3.6.2",
    "Repositories": [
      {
        "Name": "RSPM",
        "URL": "https://demo.rstudiopm.com/all/latest"
      }
    ]
  },
  "Packages": {
    "BH": {
      "Package": "BH",
      "Version": "1.72.0-3",
      "Source": "Repository",
      "Repository": "RSPM",
      "Hash": "e58de006ec59d5faba3c0482bdc598cf"
    },
    "DT": {
      "Package": "DT",
      "Version": "0.8",
      "Source": "Repository",
      "Repository": "CRAN",
      "Hash": "f3c8ebf07b488feb5045a1ca7cd398b2"
    },
    "MASS": {
      "Package": "MASS",
      "Version": "7.3-51.5",
      "Source": "Repository",
      "Repository": "RSPM",
      "Hash": "4547b4f626d19d388da4d3b8252a8b6d"
    },
    "Matrix": {
      "Package": "Matrix",
      "Version": "1.2-18",
      "Source": "Repository",
      "Repository": "RSPM",
      "Hash": "9df720f304c83d8bf371d1b6ffb9bbd1"
    },
    "R6": {
      "Package": "R6",
      "Version": "2.4.1",
      "Source": "Repository",
      "Repository": "RSPM",
      "Hash": "32b894df8893259af194abdc2b1fc366"
    },
    "RColorBrewer": {
      "Package": "RColorBrewer",
      "Version": "1.1-2",
      "Source": "Repository",
      "Repository": "RSPM",
      "Hash": "f8a3bcc800d613797f1dfdf8ef4f0bfc"
    },
    "Rcpp": {
      "Package": "Rcpp",
      "Version": "1.0.3",
      "Source": "Repository",
      "Repository": "RSPM",
      "Hash": "084336e3a1a0d358337525d7a394bb8b"
    },
    "askpass": {
      "Package": "askpass",
      "Version": "1.1",
      "Source": "Repository",
      "Repository": "RSPM",
      "Hash": "46678e19f261db289be40292d8e5d5bf"
    },
    "assertthat": {
      "Package": "assertthat",
      "Version": "0.2.1",
      "Source": "Repository",
      "Repository": "RSPM",
      "Hash": "19fb3d0ad048b4eb1a05cacffbae1f66"
    },
    "backports": {
      "Package": "backports",
      "Version": "1.1.5",
      "Source": "Repository",
      "Repository": "RSPM",
      "Hash": "dbb1e40b6f07d378cce8abc3b5fa6326"
    },
    "base64enc": {
      "Package": "base64enc",
      "Version": "0.1-3",
      "Source": "Repository",
      "Repository": "RSPM",
      "Hash": "d355963b4b1c3039bfe8d65611a11cca"
    },
    "blastula": {
      "Package": "blastula",
      "Version": "0.3.1.9000",
      "Source": "GitHub",
      "RemoteType": "github",
      "RemoteHost": "api.github.com",
      "RemoteRepo": "blastula",
      "RemoteUsername": "rich-iannone",
      "RemoteRef": "master",
      "RemoteSha": "2ba8f62f32d6365d38222892d5a82c6e96bc60c8",
      "Hash": "6ae7f7e5c8ef1ec5bf815eeac0bc9589"
    },
    "cli": {
      "Package": "cli",
      "Version": "2.0.1",
      "Source": "Repository",
      "Repository": "RSPM",
      "Hash": "fad2a649008a437a9486fb2e8091d73d"
    },
    "colorspace": {
      "Package": "colorspace",
      "Version": "1.4-1",
      "Source": "Repository",
      "Repository": "RSPM",
      "Hash": "c25d49739abb6ebf4b3d0c3565574226"
    },
    "commonmark": {
      "Package": "commonmark",
      "Version": "1.7",
      "Source": "Repository",
      "Repository": "RSPM",
      "Hash": "af7f698e0328e0474f794452177deca6"
    },
    "config": {
      "Package": "config",
      "Version": "0.3",
      "Source": "Repository",
      "Repository": "RSPM",
      "Hash": "7a15075ad1798112b35de17b8de84dbc"
    },
    "connectapi": {
      "Package": "connectapi",
      "Version": "0.1.0.9005",
      "Source": "GitHub",
      "Remotes": "slopp/webshot",
      "RemoteType": "github",
      "RemoteHost": "api.github.com",
      "RemoteRepo": "connectapi",
      "RemoteUsername": "rstudio",
      "RemoteRef": "master",
      "RemoteSha": "33b5acee89c865939d32de70907135067a8001a0",
      "Hash": "61afc1c9b0cccd499e243bbbc81d2216"
    },
    "crayon": {
      "Package": "crayon",
      "Version": "1.3.4",
      "Source": "Repository",
      "Repository": "RSPM",
      "Hash": "d308ead32010b8e4d76c4690427da50b"
    },
    "crosstalk": {
      "Package": "crosstalk",
      "Version": "1.0.0",
      "Source": "Repository",
      "Repository": "RSPM",
      "Hash": "2bc962d85f29df259cc1a6930727ce87"
    },
    "curl": {
      "Package": "curl",
      "Version": "4.3",
      "Source": "Repository",
      "Repository": "RSPM",
      "Hash": "f42ae4b12d342a357cc551ca1ecd8cc1"
    },
    "data.table": {
      "Package": "data.table",
      "Version": "1.12.8",
      "Source": "Repository",
      "Repository": "RSPM",
      "Hash": "da4d0e37591cc3088e1b0d96dc421d72"
    },
    "digest": {
      "Package": "digest",
      "Version": "0.6.23",
      "Source": "Repository",
      "Repository": "RSPM",
      "Hash": "ed4a691194af45374f99d2d700400240"
    },
    "dplyr": {
      "Package": "dplyr",
      "Version": "0.8.3",
      "Source": "Repository",
      "Repository": "RSPM",
      "Hash": "17783831e1e918ab250dcae5dd9c6e03"
    },
    "ellipsis": {
      "Package": "ellipsis",
      "Version": "0.3.0",
      "Source": "Repository",
      "Repository": "RSPM",
      "Hash": "d9e858795a1a4ebfe6960e4514449d40"
    },
    "evaluate": {
      "Package": "evaluate",
      "Version": "0.14",
      "Source": "Repository",
      "Repository": "RSPM",
      "Hash": "5a6c1949963e0785dbcbb0556337d61e"
    },
    "fansi": {
      "Package": "fansi",
      "Version": "0.4.1",
      "Source": "Repository",
      "Repository": "RSPM",
      "Hash": "b95a15fe144c0db82f8f55cd961b4961"
    },
    "farver": {
      "Package": "farver",
      "Version": "2.0.3",
      "Source": "Repository",
      "Repository": "RSPM",
      "Hash": "d160fb3aafcea6c21123814221c74df4"
    },
    "fastmap": {
      "Package": "fastmap",
      "Version": "1.0.1",
      "Source": "GitHub",
      "RemoteType": "github",
      "RemoteHost": "api.github.com",
      "RemoteRepo": "fastmap",
      "RemoteUsername": "r-lib",
      "RemoteRef": "master",
      "RemoteSha": "6d0fafbdfe0b5c80762b0b9339e1ff8e4e006417",
      "Hash": "1c95b68e718022eaa1bcb1c17088d523"
    },
    "flexdashboard": {
      "Package": "flexdashboard",
      "Version": "0.5.1.1",
      "Source": "Repository",
      "Repository": "RSPM",
      "Hash": "e0b4ef1ef5e14a7f71edf71c3017febf"
    },
    "fs": {
      "Package": "fs",
      "Version": "1.3.1",
      "Source": "Repository",
      "Repository": "RSPM",
      "Hash": "dba7e43c4103d978cb7c95b97987cc68"
    },
    "getPass": {
      "Package": "getPass",
      "Version": "0.2-2",
      "Source": "Repository",
      "Repository": "RSPM",
      "Hash": "6d44c26311558dba525d69420d18594c"
    },
    "ggplot2": {
      "Package": "ggplot2",
      "Version": "3.2.1",
      "Source": "Repository",
      "Repository": "CRAN",
      "Hash": "635db021d29f3523c4f88e82d0c01c5e"
    },
    "glue": {
      "Package": "glue",
      "Version": "1.3.1",
      "Source": "Repository",
      "Repository": "RSPM",
      "Hash": "e8436e647719b7c9d01409767cd88cc8"
    },
    "gtable": {
      "Package": "gtable",
      "Version": "0.3.0",
      "Source": "Repository",
      "Repository": "RSPM",
      "Hash": "6a58b2980a57345822ec5f9c7d2d1751"
    },
    "here": {
      "Package": "here",
      "Version": "0.1",
      "Source": "Repository",
      "Repository": "RSPM",
      "Hash": "17102304d55b3242d6199cddc0fd79f7"
    },
    "hexbin": {
      "Package": "hexbin",
      "Version": "1.28.1",
      "Source": "Repository",
      "Repository": "RSPM",
      "Hash": "cd7bd2a69c971eb304a70d47ea5af49b"
    },
    "highr": {
      "Package": "highr",
      "Version": "0.8",
      "Source": "Repository",
      "Repository": "RSPM",
      "Hash": "43e36bc8bca1d8256f86933659c46349"
    },
    "hms": {
      "Package": "hms",
      "Version": "0.5.3",
      "Source": "Repository",
      "Repository": "RSPM",
      "Hash": "7c3e8c9778eb718194edb01856ac64bd"
    },
    "htmltools": {
      "Package": "htmltools",
      "Version": "0.4.0",
      "Source": "Repository",
      "Repository": "RSPM",
      "Hash": "639ced211d4574cb149a7906b22e110f"
    },
    "htmlwidgets": {
      "Package": "htmlwidgets",
      "Version": "1.5.1",
      "Source": "Repository",
      "Repository": "RSPM",
      "Hash": "f2ea129162a975cc3828d56d5270616d"
    },
    "httpuv": {
      "Package": "httpuv",
      "Version": "1.5.2",
      "Source": "Repository",
      "Repository": "RSPM",
      "Hash": "f708a79efa59756bf40137118c20d837"
    },
    "httr": {
      "Package": "httr",
      "Version": "1.4.1",
      "Source": "Repository",
      "Repository": "RSPM",
      "Hash": "5dbd937df2ed15043fd4b49e1e217030"
    },
    "jsonlite": {
      "Package": "jsonlite",
      "Version": "1.6.1",
      "Source": "Repository",
      "Repository": "RSPM",
      "Hash": "725056796d6009be6f51d9d0cd40cca1"
    },
    "knitr": {
      "Package": "knitr",
      "Version": "1.27",
      "Source": "Repository",
      "Repository": "RSPM",
      "Hash": "d3a7a8bb9ea5d811b50de07a4b41e238"
    },
    "labeling": {
      "Package": "labeling",
      "Version": "0.3",
      "Source": "Repository",
      "Repository": "RSPM",
      "Hash": "e1f613894f080d1eee41c34b281a2184"
    },
    "later": {
      "Package": "later",
      "Version": "1.0.0.9002",
      "Source": "GitHub",
      "RemoteType": "github",
      "RemoteHost": "api.github.com",
      "RemoteRepo": "later",
      "RemoteUsername": "r-lib",
      "RemoteRef": "master",
      "RemoteSha": "077245debde42f8b17be1265f6605f07a28f2257",
      "Hash": "1e11592d6a8dc41dcca829cd5b0f9bb9"
    },
    "lattice": {
      "Package": "lattice",
      "Version": "0.20-38",
      "Source": "Repository",
      "Repository": "RSPM",
      "Hash": "6f7aa123115b33bc9ad1ca800874b1de"
    },
    "lazyeval": {
      "Package": "lazyeval",
      "Version": "0.2.2",
      "Source": "Repository",
      "Repository": "RSPM",
      "Hash": "d2f5e98b8b7ae633e252830c3243c2ab"
    },
    "lifecycle": {
      "Package": "lifecycle",
      "Version": "0.2.0",
      "Source": "GitHub",
      "RemoteType": "github",
      "RemoteHost": "api.github.com",
      "RemoteRepo": "lifecycle",
      "RemoteUsername": "r-lib",
      "RemoteRef": "master",
      "RemoteSha": "1b13d96bc3c0aaa4c3cb1ffaf3a364d6167f23cf",
      "Hash": "bf69380013db958ba70483a7f8587e07"
    },
    "lubridate": {
      "Package": "lubridate",
      "Version": "1.7.4",
      "Source": "Repository",
      "Repository": "RSPM",
      "Hash": "d55fdb3732a8f047e49b86064dd78984"
    },
    "magrittr": {
      "Package": "magrittr",
      "Version": "1.5",
      "Source": "Repository",
      "Repository": "RSPM",
      "Hash": "dee1d97cffddfd3ed969e224bd0826d0"
    },
    "markdown": {
      "Package": "markdown",
      "Version": "1.1",
      "Source": "Repository",
      "Repository": "RSPM",
      "Hash": "80e1f73841614fa35f82a85d66fb41da"
    },
    "mgcv": {
      "Package": "mgcv",
      "Version": "1.8-31",
      "Source": "Repository",
      "Repository": "RSPM",
      "Hash": "f197e17aac34206ab3fac4b455e745b3"
    },
    "mime": {
      "Package": "mime",
      "Version": "0.9",
      "Source": "Repository",
      "Repository": "RSPM",
      "Hash": "e59a04f0ccda8364024195028ae2e234"
    },
    "munsell": {
      "Package": "munsell",
      "Version": "0.5.0",
      "Source": "Repository",
      "Repository": "RSPM",
      "Hash": "9111af6c6dec65538ebd3de6c0bae864"
    },
    "nlme": {
      "Package": "nlme",
      "Version": "3.1-143",
      "Source": "Repository",
      "Repository": "RSPM",
      "Hash": "541fe178caef7a43f9300c06372a638e"
    },
    "openssl": {
      "Package": "openssl",
      "Version": "1.4.1",
      "Source": "Repository",
      "Repository": "RSPM",
      "Hash": "6c438de366d5693238d1c400deb66cb6"
    },
    "pillar": {
      "Package": "pillar",
      "Version": "1.4.3",
      "Source": "Repository",
      "Repository": "RSPM",
      "Hash": "909cf33911dad3d413f3d494037ddbed"
    },
    "pkgconfig": {
      "Package": "pkgconfig",
      "Version": "2.0.3",
      "Source": "Repository",
      "Repository": "RSPM",
      "Hash": "587295d4cdb937d4e3cf19bd46829326"
    },
    "plogr": {
      "Package": "plogr",
      "Version": "0.2.0",
      "Source": "Repository",
      "Repository": "RSPM",
      "Hash": "1a8304cc1382ef64e3b710ba589d7bc0"
    },
    "plotly": {
      "Package": "plotly",
      "Version": "4.9.1",
      "Source": "Repository",
      "Repository": "RSPM",
      "Hash": "637807e01b470d5a425c24aa7a33e63f"
    },
    "plyr": {
      "Package": "plyr",
      "Version": "1.8.5",
      "Source": "Repository",
      "Repository": "RSPM",
      "Hash": "c1328731c23c368454a1ebf3dfec68db"
    },
    "prettyunits": {
      "Package": "prettyunits",
      "Version": "1.1.1",
      "Source": "Repository",
      "Repository": "RSPM",
      "Hash": "a9c856513f34774cadde1bcfb292b815"
    },
    "progress": {
      "Package": "progress",
      "Version": "1.2.2",
      "Source": "Repository",
      "Repository": "RSPM",
      "Hash": "e8c47e04650b07d40c3c50a878a4dffa"
    },
    "promises": {
      "Package": "promises",
      "Version": "1.1.0.9000",
      "Source": "GitHub",
      "RemoteType": "github",
      "RemoteHost": "api.github.com",
      "RemoteRepo": "promises",
      "RemoteUsername": "rstudio",
      "RemoteRef": "master",
      "RemoteSha": "627dfc6a9189575265c744e700efcff4de94cd19",
      "Hash": "908c253f57a2359696257bc184494c66"
    },
    "purrr": {
      "Package": "purrr",
      "Version": "0.3.3",
      "Source": "Repository",
      "Repository": "RSPM",
      "Hash": "b174d35f8cfb40b0c0b66d2bb0bc4224"
    },
    "renv": {
      "Package": "renv",
      "Version": "0.9.3",
      "Source": "Repository",
      "Repository": "RSPM"
    },
    "reshape2": {
      "Package": "reshape2",
      "Version": "1.4.3",
      "Source": "Repository",
      "Repository": "RSPM",
      "Hash": "ac685130d1a25e3f6470960fd29c5693"
    },
    "rlang": {
      "Package": "rlang",
      "Version": "0.4.5",
      "Source": "GitHub",
      "RemoteType": "github",
      "RemoteHost": "api.github.com",
      "RemoteRepo": "rlang",
      "RemoteUsername": "r-lib",
      "RemoteRef": "master",
      "RemoteSha": "6592336a01dde4dc186d08d2483fb6b2ba58789b",
      "Hash": "5dcd5a0b8c90a2bf52b87c724b7e930b"
    },
    "rmarkdown": {
      "Package": "rmarkdown",
      "Version": "1.14",
      "Source": "Repository",
      "Repository": "RSPM",
      "Hash": "b712ba012c5d17214b872a47f40a611e"
    },
    "rprojroot": {
      "Package": "rprojroot",
      "Version": "1.3-2",
      "Source": "Repository",
      "Repository": "RSPM",
      "Hash": "5382761b8b318da6dd3fb0f6dae3c43a"
    },
    "rstudioapi": {
      "Package": "rstudioapi",
      "Version": "0.11",
      "Source": "Repository",
      "Repository": "RSPM",
      "Hash": "0d9551fe403c7a8fdaabe6d1982aeb3d"
    },
    "scales": {
      "Package": "scales",
      "Version": "1.1.0",
      "Source": "Repository",
      "Repository": "RSPM",
      "Hash": "a98877092d646d981a9249d5ea7774ea"
    },
    "shiny": {
      "Package": "shiny",
      "Version": "1.4.0",
      "Source": "Repository",
      "Repository": "RSPM",
      "Hash": "25dd339c951981444081a370b4afad40"
    },
    "sourcetools": {
      "Package": "sourcetools",
      "Version": "0.1.7",
      "Source": "Repository",
      "Repository": "RSPM",
      "Hash": "fc68fa34b8576eaa5a845a46ad75e214"
    },
    "stringi": {
      "Package": "stringi",
      "Version": "1.4.5",
      "Source": "Repository",
      "Repository": "RSPM",
      "Hash": "6fd1db5976f8443f555a3b953517a715"
    },
    "stringr": {
      "Package": "stringr",
      "Version": "1.4.0",
      "Source": "Repository",
      "Repository": "RSPM",
      "Hash": "41d6310ad18bd019a203d7adc496a28b"
    },
    "sys": {
      "Package": "sys",
      "Version": "3.3",
      "Source": "Repository",
      "Repository": "RSPM",
      "Hash": "9ecf6bee5958b8977bd1db3131978a71"
    },
    "tibble": {
      "Package": "tibble",
      "Version": "2.1.3",
      "Source": "Repository",
      "Repository": "RSPM",
      "Hash": "a8d41bd284e21ab7e776d228dc5bac91"
    },
    "tidyr": {
      "Package": "tidyr",
      "Version": "1.0.2",
      "Source": "Repository",
      "Repository": "RSPM",
      "Hash": "fea810f4786bfe2e1d771a14b5ceebd0"
    },
    "tidyselect": {
      "Package": "tidyselect",
      "Version": "1.0.0",
      "Source": "Repository",
      "Repository": "RSPM",
      "Hash": "4689292a4371650097e5c273284e6bc3"
    },
    "tinytex": {
      "Package": "tinytex",
      "Version": "0.20",
      "Source": "Repository",
      "Repository": "RSPM",
      "Hash": "2fc15468b2bbac85752ba47975619528"
    },
    "utf8": {
      "Package": "utf8",
      "Version": "1.1.4",
      "Source": "Repository",
      "Repository": "RSPM",
      "Hash": "3f1a5a5b184f63379f8e6c08d5036c53"
    },
    "uuid": {
      "Package": "uuid",
      "Version": "0.1-2",
      "Source": "Repository",
      "Repository": "RSPM",
      "Hash": "4a468848f7fb748b54a63a8d2f2da17e"
    },
    "vctrs": {
      "Package": "vctrs",
      "Version": "0.2.2",
      "Source": "Repository",
      "Repository": "RSPM",
      "Hash": "921f03f4f9798f38c99122417a9ce660"
    },
    "viridisLite": {
      "Package": "viridisLite",
      "Version": "0.3.0",
      "Source": "Repository",
      "Repository": "RSPM",
      "Hash": "1f264fa42320c4f44b1689d89101e823"
    },
    "withr": {
      "Package": "withr",
      "Version": "2.1.2",
      "Source": "Repository",
      "Repository": "RSPM",
      "Hash": "7c9aef08038f47e6c1532ed574a0e087"
    },
    "xfun": {
      "Package": "xfun",
      "Version": "0.12",
      "Source": "Repository",
      "Repository": "RSPM",
      "Hash": "6489bd0ab9f7724bbde38ae08919032e"
    },
    "xtable": {
      "Package": "xtable",
      "Version": "1.8-4",
      "Source": "Repository",
      "Repository": "RSPM",
      "Hash": "48f60fcc0974ce72870076d48038df2d"
    },
    "yaml": {
      "Package": "yaml",
      "Version": "2.2.1",
      "Source": "Repository",
      "Repository": "RSPM",
      "Hash": "c9c9f45e15849bd83354f9c438816da4"
    }
  }
}
