{
  "R": {
    "Version": "4.1.2",
    "Repositories": [
      {
        "Name": "RSPM",
        "URL": "https://packagemanager.rstudio.com/cran/latest"
      }
    ]
  },
  "Packages": {
    "BH": {
      "Package": "BH",
      "Version": "1.72.0-3",
      "Source": "Repository",
      "Repository": "RSPM",
      "Hash": "8f9ce74c6417d61f0782cbae5fd2b7b0",
      "Requirements": []
    },
    "DT": {
      "Package": "DT",
      "Version": "0.20",
      "Source": "Repository",
      "Repository": "RSPM",
      "Hash": "0163cd2ce6c7995005a0fc363d570963",
      "Requirements": [
        "crosstalk",
        "htmltools",
        "htmlwidgets",
        "jquerylib",
        "jsonlite",
        "magrittr",
        "promises"
      ]
    },
    "MASS": {
      "Package": "MASS",
      "Version": "7.3-51.5",
      "Source": "Repository",
      "Repository": "RSPM",
      "Hash": "9efe80472b21189ebab1b74169808c26",
      "Requirements": []
    },
    "Matrix": {
      "Package": "Matrix",
      "Version": "1.2-18",
      "Source": "Repository",
      "Repository": "RSPM",
      "Hash": "08588806cba69f04797dab50627428ed",
      "Requirements": [
        "lattice"
      ]
    },
    "R6": {
      "Package": "R6",
      "Version": "2.4.1",
      "Source": "Repository",
      "Repository": "RSPM",
      "Hash": "292b54f8f4b94669b08f94e5acce6be2",
      "Requirements": []
    },
    "RColorBrewer": {
      "Package": "RColorBrewer",
      "Version": "1.1-2",
      "Source": "Repository",
      "Repository": "RSPM",
      "Hash": "e031418365a7f7a766181ab5a41a5716",
      "Requirements": []
    },
    "Rcpp": {
      "Package": "Rcpp",
      "Version": "1.0.8",
      "Source": "Repository",
      "Repository": "RSPM",
      "Hash": "22b546dd7e337f6c0c58a39983a496bc",
      "Requirements": []
    },
    "apexcharter": {
      "Package": "apexcharter",
      "Version": "0.3.0",
      "Source": "Repository",
      "Repository": "RSPM",
      "Hash": "24c6548111ec574558fe7e3122d75751",
      "Requirements": [
        "ggplot2",
        "htmltools",
        "htmlwidgets",
        "jsonlite",
        "magrittr",
        "rlang",
        "shiny"
      ]
    },
    "askpass": {
      "Package": "askpass",
      "Version": "1.1",
      "Source": "Repository",
      "Repository": "RSPM",
      "Hash": "e8a22846fff485f0be3770c2da758713",
      "Requirements": [
        "sys"
      ]
    },
    "backports": {
      "Package": "backports",
      "Version": "1.1.5",
      "Source": "Repository",
      "Repository": "RSPM",
      "Hash": "e9f705633dc932bfd5b02b17a5053a06",
      "Requirements": []
    },
    "base64enc": {
      "Package": "base64enc",
      "Version": "0.1-3",
      "Source": "Repository",
      "Repository": "RSPM",
      "Hash": "543776ae6848fde2f48ff3816d0628bc",
      "Requirements": []
    },
    "bit": {
      "Package": "bit",
      "Version": "4.0.4",
      "Source": "Repository",
      "Repository": "RSPM",
      "Hash": "f36715f14d94678eea9933af927bc15d",
      "Requirements": []
    },
    "bit64": {
      "Package": "bit64",
      "Version": "4.0.5",
      "Source": "Repository",
      "Repository": "RSPM",
      "Hash": "9fe98599ca456d6552421db0d6772d8f",
      "Requirements": [
        "bit"
      ]
    },
    "blastula": {
      "Package": "blastula",
      "Version": "0.3.2",
      "Source": "Repository",
      "Repository": "RSPM",
      "Hash": "1f45952e8aadddb043afb988b988dd52",
      "Requirements": [
        "base64enc",
        "commonmark",
        "curl",
        "digest",
        "dplyr",
        "fs",
        "getPass",
        "here",
        "htmltools",
        "httr",
        "jsonlite",
        "magrittr",
        "mime",
        "rlang",
        "rmarkdown",
        "stringr",
        "uuid"
      ]
    },
    "broom": {
      "Package": "broom",
      "Version": "0.7.9",
      "Source": "Repository",
      "Repository": "RSPM",
      "Hash": "9b1e2c1f75b349e3ffa7e9c69eec0c52",
      "Requirements": [
        "backports",
        "dplyr",
        "ellipsis",
        "generics",
        "glue",
        "purrr",
        "rlang",
        "stringr",
        "tibble",
        "tidyr"
      ]
    },
    "bslib": {
      "Package": "bslib",
      "Version": "0.3.1",
      "Source": "Repository",
      "Repository": "RSPM",
      "Hash": "56ae7e1987b340186a8a5a157c2ec358",
      "Requirements": [
        "htmltools",
        "jquerylib",
        "jsonlite",
        "rlang",
        "sass"
      ]
    },
    "cachem": {
      "Package": "cachem",
      "Version": "1.0.6",
      "Source": "Repository",
      "Repository": "RSPM",
      "Hash": "648c5b3d71e6a37e3043617489a0a0e9",
      "Requirements": [
        "fastmap",
        "rlang"
      ]
    },
    "cli": {
      "Package": "cli",
      "Version": "3.2.0",
      "Source": "Repository",
      "Repository": "RSPM",
      "Hash": "1bdb126893e9ce6aae50ad1d6fc32faf",
      "Requirements": [
        "glue"
      ]
    },
    "colorspace": {
      "Package": "colorspace",
      "Version": "1.4-1",
      "Source": "Repository",
      "Repository": "RSPM",
      "Hash": "6b436e95723d1f0e861224dd9b094dfb",
      "Requirements": []
    },
    "commonmark": {
      "Package": "commonmark",
      "Version": "1.7",
      "Source": "Repository",
      "Repository": "RSPM",
      "Hash": "0f22be39ec1d141fd03683c06f3a6e67",
      "Requirements": []
    },
    "config": {
      "Package": "config",
      "Version": "0.3",
      "Source": "Repository",
      "Repository": "RSPM",
      "Hash": "76268942467fa8ba171e9aa34203ee2a",
      "Requirements": [
        "yaml"
      ]
    },
    "connectViz": {
      "Package": "connectViz",
      "Version": "0.0.0.9002",
      "Source": "GitHub",
      "RemoteType": "github",
      "RemoteHost": "api.github.com",
      "RemoteUsername": "RinteRface",
      "RemoteRepo": "connectViz",
      "RemoteRef": "main",
      "RemoteSha": "553acce10009ce86987778e8ac29132e609c6195",
      "Remotes": "rstudio/connectapi",
      "Hash": "b733be3ee230028880ed6bf4f2384b42",
      "Requirements": [
        "apexcharter",
        "connectapi",
        "data.table",
        "dplyr",
        "echarts4r",
        "lubridate",
        "magrittr",
        "purrr",
        "rlang",
        "scales",
        "shiny",
        "tibble",
        "tidyr",
        "toastui",
        "visNetwork"
      ]
    },
    "connectapi": {
      "Package": "connectapi",
      "Version": "0.1.0.9033",
      "Source": "GitHub",
      "RemoteType": "github",
      "RemoteHost": "api.github.com",
      "RemoteUsername": "rstudio",
      "RemoteRepo": "connectapi",
      "RemoteRef": "main",
      "RemoteSha": "9ca84e01f04f42962dcf65b23e211eeecfab40eb",
      "Hash": "411ce1d4e954707d436e09d255a185f5",
      "Requirements": [
        "R6",
        "bit64",
        "config",
        "dplyr",
        "fs",
        "glue",
        "httr",
        "jsonlite",
        "lifecycle",
        "magrittr",
        "progress",
        "purrr",
        "rlang",
        "tibble",
        "uuid",
        "vctrs",
        "yaml"
      ]
    },
    "corrplot": {
      "Package": "corrplot",
      "Version": "0.90",
      "Source": "Repository",
      "Repository": "RSPM",
      "Hash": "0514bd6a3e99a2a17145c97c1cfebb09",
      "Requirements": []
    },
    "countrycode": {
      "Package": "countrycode",
      "Version": "1.3.0",
      "Source": "Repository",
      "Repository": "RSPM",
      "Hash": "0b2ceb4d9dc48332decc876ecd01ed00",
      "Requirements": []
    },
    "crayon": {
      "Package": "crayon",
      "Version": "1.3.4",
      "Source": "Repository",
      "Repository": "RSPM",
      "Hash": "0d57bc8e27b7ba9e45dba825ebc0de6b",
      "Requirements": []
    },
    "crosstalk": {
      "Package": "crosstalk",
      "Version": "1.2.0",
      "Source": "Repository",
      "Repository": "RSPM",
      "Hash": "6aa54f69598c32177e920eb3402e8293",
      "Requirements": [
        "R6",
        "htmltools",
        "jsonlite",
        "lazyeval"
      ]
    },
    "curl": {
      "Package": "curl",
      "Version": "4.3",
      "Source": "Repository",
      "Repository": "RSPM",
      "Hash": "2b7d10581cc730804e9ed178c8374bd6",
      "Requirements": []
    },
    "data.table": {
      "Package": "data.table",
      "Version": "1.12.8",
      "Source": "Repository",
      "Repository": "RSPM",
      "Hash": "cd711af60c47207a776213a368626369",
      "Requirements": []
    },
    "digest": {
      "Package": "digest",
      "Version": "0.6.29",
      "Source": "Repository",
      "Repository": "RSPM",
      "Hash": "cf6b206a045a684728c3267ef7596190",
      "Requirements": []
    },
    "dplyr": {
      "Package": "dplyr",
      "Version": "1.0.8",
      "Source": "Repository",
      "Repository": "RSPM",
      "Hash": "ef47665e64228a17609d6df877bf86f2",
      "Requirements": [
        "R6",
        "generics",
        "glue",
        "lifecycle",
        "magrittr",
        "pillar",
        "rlang",
        "tibble",
        "tidyselect",
        "vctrs"
      ]
    },
    "echarts4r": {
      "Package": "echarts4r",
      "Version": "0.4.2",
      "Source": "Repository",
      "Repository": "RSPM",
      "Hash": "8c4e1bebb2c0bb42b1995167b331a484",
      "Requirements": [
        "broom",
        "corrplot",
        "countrycode",
        "dplyr",
        "htmltools",
        "htmlwidgets",
        "jsonlite",
        "purrr",
        "rstudioapi",
        "scales",
        "shiny"
      ]
    },
    "ellipsis": {
      "Package": "ellipsis",
      "Version": "0.3.2",
      "Source": "Repository",
      "Repository": "RSPM",
      "Hash": "bb0eec2fe32e88d9e2836c2f73ea2077",
      "Requirements": [
        "rlang"
      ]
    },
    "evaluate": {
      "Package": "evaluate",
      "Version": "0.14",
      "Source": "Repository",
      "Repository": "RSPM",
      "Hash": "ec8ca05cffcc70569eaaad8469d2a3a7",
      "Requirements": []
    },
    "fansi": {
      "Package": "fansi",
      "Version": "0.4.1",
      "Source": "Repository",
      "Repository": "RSPM",
      "Hash": "7fce217eaaf8016e72065e85c73027b5",
      "Requirements": []
    },
    "farver": {
      "Package": "farver",
      "Version": "2.0.3",
      "Source": "Repository",
      "Repository": "RSPM",
      "Hash": "dad6793a5a1f73c8e91f1a1e3e834b05",
      "Requirements": []
    },
    "fastmap": {
      "Package": "fastmap",
      "Version": "1.1.0",
      "Source": "Repository",
      "Repository": "RSPM",
      "Hash": "77bd60a6157420d4ffa93b27cf6a58b8",
      "Requirements": []
    },
    "flexdashboard": {
      "Package": "flexdashboard",
      "Version": "0.5.1.1",
      "Source": "Repository",
      "Repository": "RSPM",
      "Hash": "8f01ed8fed9f0de7528d9d45202913f1",
      "Requirements": [
        "htmltools",
        "htmlwidgets",
        "jsonlite",
        "knitr",
        "rmarkdown",
        "shiny"
      ]
    },
    "fontawesome": {
      "Package": "fontawesome",
      "Version": "0.2.2",
      "Source": "Repository",
      "Repository": "RSPM",
      "Hash": "55624ed409e46c5f358b2c060be87f67",
      "Requirements": [
        "htmltools",
        "rlang"
      ]
    },
    "fs": {
      "Package": "fs",
      "Version": "1.3.1",
      "Source": "Repository",
      "Repository": "RSPM",
      "Hash": "0e26be4558dbbc713d7cfe4a4c361f38",
      "Requirements": [
        "Rcpp"
      ]
    },
    "generics": {
      "Package": "generics",
      "Version": "0.1.0",
      "Source": "Repository",
      "Repository": "RSPM",
      "Hash": "4d243a9c10b00589889fe32314ffd902",
      "Requirements": []
    },
    "getPass": {
      "Package": "getPass",
      "Version": "0.2-2",
      "Source": "Repository",
      "Repository": "RSPM",
      "Hash": "07a91f99e56951818ab911366db77700",
      "Requirements": [
        "rstudioapi"
      ]
    },
    "ggplot2": {
      "Package": "ggplot2",
      "Version": "3.3.5",
      "Source": "Repository",
      "Repository": "RSPM",
      "Hash": "d7566c471c7b17e095dd023b9ef155ad",
      "Requirements": [
        "MASS",
        "digest",
        "glue",
        "gtable",
        "isoband",
        "mgcv",
        "rlang",
        "scales",
        "tibble",
        "withr"
      ]
    },
    "glue": {
      "Package": "glue",
      "Version": "1.6.2",
      "Source": "Repository",
      "Repository": "RSPM",
      "Hash": "4f2596dfb05dac67b9dc558e5c6fba2e",
      "Requirements": []
    },
    "gtable": {
      "Package": "gtable",
      "Version": "0.3.0",
      "Source": "Repository",
      "Repository": "RSPM",
      "Hash": "ac5c6baf7822ce8732b343f14c072c4d",
      "Requirements": []
    },
    "here": {
      "Package": "here",
      "Version": "0.1",
      "Source": "Repository",
      "Repository": "RSPM",
      "Hash": "2c0406b8e0a4c3516ab37be62da74e3c",
      "Requirements": [
        "rprojroot"
      ]
    },
    "hexbin": {
      "Package": "hexbin",
      "Version": "1.28.1",
      "Source": "Repository",
      "Repository": "RSPM",
      "Hash": "3d59212f2814d65dff517e6899813c58",
      "Requirements": [
        "lattice"
      ]
    },
    "highr": {
      "Package": "highr",
      "Version": "0.8",
      "Source": "Repository",
      "Repository": "RSPM",
      "Hash": "4dc5bb88961e347a0f4d8aad597cbfac",
      "Requirements": []
    },
    "hms": {
      "Package": "hms",
      "Version": "0.5.3",
      "Source": "Repository",
      "Repository": "RSPM",
      "Hash": "726671f634529d470545f9fd1a9d1869",
      "Requirements": [
        "pkgconfig",
        "rlang",
        "vctrs"
      ]
    },
    "htmltools": {
      "Package": "htmltools",
      "Version": "0.5.2",
      "Source": "Repository",
      "Repository": "RSPM",
      "Hash": "526c484233f42522278ab06fb185cb26",
      "Requirements": [
        "base64enc",
        "digest",
        "fastmap",
        "rlang"
      ]
    },
    "htmlwidgets": {
      "Package": "htmlwidgets",
      "Version": "1.5.4",
      "Source": "Repository",
      "Repository": "RSPM",
      "Hash": "76147821cd3fcd8c4b04e1ef0498e7fb",
      "Requirements": [
        "htmltools",
        "jsonlite",
        "yaml"
      ]
    },
    "httpuv": {
      "Package": "httpuv",
      "Version": "1.5.2",
      "Source": "Repository",
      "Repository": "RSPM",
      "Hash": "f793dad2c9ae14fbb1d22f16f23f8326",
      "Requirements": [
        "BH",
        "R6",
        "Rcpp",
        "later",
        "promises"
      ]
    },
    "httr": {
      "Package": "httr",
      "Version": "1.4.1",
      "Source": "Repository",
      "Repository": "RSPM",
      "Hash": "7146fea4685b4252ebf478978c75f597",
      "Requirements": [
        "R6",
        "curl",
        "jsonlite",
        "mime",
        "openssl"
      ]
    },
    "isoband": {
      "Package": "isoband",
      "Version": "0.2.5",
      "Source": "Repository",
      "Repository": "RSPM",
      "Hash": "7ab57a6de7f48a8dc84910d1eca42883",
      "Requirements": []
    },
    "jquerylib": {
      "Package": "jquerylib",
      "Version": "0.1.4",
      "Source": "Repository",
      "Repository": "RSPM",
      "Hash": "5aab57a3bd297eee1c1d862735972182",
      "Requirements": [
        "htmltools"
      ]
    },
    "jsonlite": {
      "Package": "jsonlite",
      "Version": "1.6.1",
      "Source": "Repository",
      "Repository": "RSPM",
      "Hash": "84b0ee361e2f78d6b7d670db9471c0c5",
      "Requirements": []
    },
    "knitr": {
      "Package": "knitr",
      "Version": "1.27",
      "Source": "Repository",
      "Repository": "RSPM",
      "Hash": "0eaaccb0946bf5ee33e2762882a4ae07",
      "Requirements": [
        "evaluate",
        "highr",
        "markdown",
        "stringr",
        "xfun",
        "yaml"
      ]
    },
    "labeling": {
      "Package": "labeling",
      "Version": "0.3",
      "Source": "Repository",
      "Repository": "RSPM",
      "Hash": "73832978c1de350df58108c745ed0e3e",
      "Requirements": []
    },
    "later": {
      "Package": "later",
      "Version": "1.3.0",
      "Source": "Repository",
      "Repository": "RSPM",
      "Hash": "7e7b457d7766bc47f2a5f21cc2984f8e",
      "Requirements": [
        "Rcpp",
        "rlang"
      ]
    },
    "lattice": {
      "Package": "lattice",
      "Version": "0.20-38",
      "Source": "Repository",
      "Repository": "RSPM",
      "Hash": "848f8c593fd1050371042d18d152e3d7",
      "Requirements": []
    },
    "lazyeval": {
      "Package": "lazyeval",
      "Version": "0.2.2",
      "Source": "Repository",
      "Repository": "RSPM",
      "Hash": "d908914ae53b04d4c0c0fd72ecc35370",
      "Requirements": []
    },
    "lifecycle": {
      "Package": "lifecycle",
      "Version": "1.0.1",
      "Source": "Repository",
      "Repository": "RSPM",
      "Hash": "a6b6d352e3ed897373ab19d8395c98d0",
      "Requirements": [
        "glue",
        "rlang"
      ]
    },
    "lubridate": {
      "Package": "lubridate",
      "Version": "1.7.4",
      "Source": "Repository",
      "Repository": "RSPM",
      "Hash": "796afeea047cda6bdb308d374a33eeb6",
      "Requirements": [
        "Rcpp",
        "stringr"
      ]
    },
    "magrittr": {
      "Package": "magrittr",
      "Version": "1.5",
      "Source": "Repository",
      "Repository": "RSPM",
      "Hash": "1bb58822a20301cee84a41678e25d9b7",
      "Requirements": []
    },
    "markdown": {
      "Package": "markdown",
      "Version": "1.1",
      "Source": "Repository",
      "Repository": "RSPM",
      "Hash": "61e4a10781dd00d7d81dd06ca9b94e95",
      "Requirements": [
        "mime",
        "xfun"
      ]
    },
    "memoise": {
      "Package": "memoise",
      "Version": "2.0.1",
      "Source": "Repository",
      "Repository": "RSPM",
      "Hash": "e2817ccf4a065c5d9d7f2cfbe7c1d78c",
      "Requirements": [
        "cachem",
        "rlang"
      ]
    },
    "mgcv": {
      "Package": "mgcv",
      "Version": "1.8-31",
      "Source": "Repository",
      "Repository": "RSPM",
      "Hash": "4bb7e0c4f3557583e1e8d3c9ffb8ba5c",
      "Requirements": [
        "Matrix",
        "nlme"
      ]
    },
    "mime": {
      "Package": "mime",
      "Version": "0.9",
      "Source": "Repository",
      "Repository": "RSPM",
      "Hash": "e87a35ec73b157552814869f45a63aa3",
      "Requirements": []
    },
    "munsell": {
      "Package": "munsell",
      "Version": "0.5.0",
      "Source": "Repository",
      "Repository": "RSPM",
      "Hash": "6dfe8bf774944bd5595785e3229d8771",
      "Requirements": [
        "colorspace"
      ]
    },
    "nlme": {
      "Package": "nlme",
      "Version": "3.1-143",
      "Source": "Repository",
      "Repository": "RSPM",
      "Hash": "7518d3b54a24f9291735a25467997858",
      "Requirements": [
        "lattice"
      ]
    },
    "openssl": {
      "Package": "openssl",
      "Version": "1.4.1",
      "Source": "Repository",
      "Repository": "RSPM",
      "Hash": "49f7258fd86ebeaea1df24d9ded00478",
      "Requirements": [
        "askpass"
      ]
    },
    "pillar": {
      "Package": "pillar",
      "Version": "1.7.0",
      "Source": "Repository",
      "Repository": "RSPM",
      "Hash": "51dfc97e1b7069e9f7e6f83f3589c22e",
      "Requirements": [
        "cli",
        "crayon",
        "ellipsis",
        "fansi",
        "glue",
        "lifecycle",
        "rlang",
        "utf8",
        "vctrs"
      ]
    },
    "pkgconfig": {
      "Package": "pkgconfig",
      "Version": "2.0.3",
      "Source": "Repository",
      "Repository": "RSPM",
      "Hash": "01f28d4278f15c76cddbea05899c5d6f",
      "Requirements": []
    },
    "plotly": {
      "Package": "plotly",
      "Version": "4.9.1",
      "Source": "Repository",
      "Repository": "RSPM",
      "Hash": "f944fd279ce84daf29b179611bea0345",
      "Requirements": [
        "RColorBrewer",
        "base64enc",
        "crosstalk",
        "data.table",
        "digest",
        "dplyr",
        "ggplot2",
        "hexbin",
        "htmltools",
        "htmlwidgets",
        "httr",
        "jsonlite",
        "lazyeval",
        "magrittr",
        "promises",
        "purrr",
        "rlang",
        "scales",
        "tibble",
        "tidyr",
        "viridisLite"
      ]
    },
    "prettyunits": {
      "Package": "prettyunits",
      "Version": "1.1.1",
      "Source": "Repository",
      "Repository": "RSPM",
      "Hash": "95ef9167b75dde9d2ccc3c7528393e7e",
      "Requirements": []
    },
    "progress": {
      "Package": "progress",
      "Version": "1.2.2",
      "Source": "Repository",
      "Repository": "RSPM",
      "Hash": "14dc9f7a3c91ebb14ec5bb9208a07061",
      "Requirements": [
        "R6",
        "crayon",
        "hms",
        "prettyunits"
      ]
    },
    "promises": {
      "Package": "promises",
      "Version": "1.2.0.1",
      "Source": "Repository",
      "Repository": "RSPM",
      "Hash": "4ab2c43adb4d4699cf3690acd378d75d",
      "Requirements": [
        "R6",
        "Rcpp",
        "later",
        "magrittr",
        "rlang"
      ]
    },
    "purrr": {
      "Package": "purrr",
      "Version": "0.3.3",
      "Source": "Repository",
      "Repository": "RSPM",
      "Hash": "22aca7d1181718e927d403a8c2d69d62",
      "Requirements": [
        "magrittr",
        "rlang"
      ]
    },
    "rappdirs": {
      "Package": "rappdirs",
      "Version": "0.3.3",
      "Source": "Repository",
      "Repository": "RSPM",
      "Hash": "5e3c5dc0b071b21fa128676560dbe94d",
      "Requirements": []
    },
    "renv": {
      "Package": "renv",
      "Version": "0.15.2",
      "Source": "Repository",
      "Repository": "RSPM",
      "Hash": "206c4ef8b7ad6fb1060d69aa7b9dfe69",
      "Requirements": []
    },
    "rlang": {
      "Package": "rlang",
      "Version": "1.0.1",
      "Source": "Repository",
      "Repository": "RSPM",
      "Hash": "3bf0219f19d9f5b3c682acbb3546a151",
      "Requirements": []
    },
    "rmarkdown": {
      "Package": "rmarkdown",
      "Version": "2.11",
      "Source": "Repository",
      "Repository": "RSPM",
      "Hash": "320017b52d05a943981272b295750388",
      "Requirements": [
        "evaluate",
        "htmltools",
        "jquerylib",
        "jsonlite",
        "knitr",
        "stringr",
        "tinytex",
        "xfun",
        "yaml"
      ]
    },
    "rprojroot": {
      "Package": "rprojroot",
      "Version": "1.3-2",
      "Source": "Repository",
      "Repository": "RSPM",
      "Hash": "f6a407ae5dd21f6f80a6708bbb6eb3ae",
      "Requirements": [
        "backports"
      ]
    },
    "rstudioapi": {
      "Package": "rstudioapi",
      "Version": "0.11",
      "Source": "Repository",
      "Repository": "RSPM",
      "Hash": "33a5b27a03da82ac4b1d43268f80088a",
      "Requirements": []
    },
    "sass": {
      "Package": "sass",
      "Version": "0.4.0",
      "Source": "Repository",
      "Repository": "RSPM",
      "Hash": "50cf822feb64bb3977bda0b7091be623",
      "Requirements": [
        "R6",
        "fs",
        "htmltools",
        "rappdirs",
        "rlang"
      ]
    },
    "scales": {
      "Package": "scales",
      "Version": "1.1.0",
      "Source": "Repository",
      "Repository": "RSPM",
      "Hash": "a1c68369c629ea3188d0676e37069c65",
      "Requirements": [
        "R6",
        "RColorBrewer",
        "farver",
        "labeling",
        "lifecycle",
        "munsell",
        "viridisLite"
      ]
    },
    "shiny": {
      "Package": "shiny",
      "Version": "1.7.1",
      "Source": "Repository",
      "Repository": "RSPM",
      "Hash": "00344c227c7bd0ab5d78052c5d736c44",
      "Requirements": [
        "R6",
        "bslib",
        "cachem",
        "commonmark",
        "crayon",
        "ellipsis",
        "fastmap",
        "fontawesome",
        "glue",
        "htmltools",
        "httpuv",
        "jsonlite",
        "later",
        "lifecycle",
        "mime",
        "promises",
        "rlang",
        "sourcetools",
        "withr",
        "xtable"
      ]
    },
    "shinyWidgets": {
      "Package": "shinyWidgets",
      "Version": "0.6.2",
      "Source": "Repository",
      "Repository": "RSPM",
      "Hash": "9bdabea3a78fd6a0768c2a319d36264e",
      "Requirements": [
        "bslib",
        "htmltools",
        "jsonlite",
        "sass",
        "shiny"
      ]
    },
    "shinydashboard": {
      "Package": "shinydashboard",
      "Version": "0.7.2",
      "Source": "Repository",
      "Repository": "RSPM",
      "Hash": "e418b532e9bb4eb22a714b9a9f1acee7",
      "Requirements": [
        "htmltools",
        "promises",
        "shiny"
      ]
    },
    "sourcetools": {
      "Package": "sourcetools",
      "Version": "0.1.7",
      "Source": "Repository",
      "Repository": "RSPM",
      "Hash": "947e4e02a79effa5d512473e10f41797",
      "Requirements": []
    },
    "stringi": {
      "Package": "stringi",
      "Version": "1.4.5",
      "Source": "Repository",
      "Repository": "RSPM",
      "Hash": "ced3b63472796155f74abc4eb5266c78",
      "Requirements": []
    },
    "stringr": {
      "Package": "stringr",
      "Version": "1.4.0",
      "Source": "Repository",
      "Repository": "RSPM",
      "Hash": "0759e6b6c0957edb1311028a49a35e76",
      "Requirements": [
        "glue",
        "magrittr",
        "stringi"
      ]
    },
    "sys": {
      "Package": "sys",
      "Version": "3.3",
      "Source": "Repository",
      "Repository": "RSPM",
      "Hash": "507f3116a38d37ad330a038b3be07b66",
      "Requirements": []
    },
    "tibble": {
      "Package": "tibble",
      "Version": "3.1.6",
      "Source": "Repository",
      "Repository": "RSPM",
      "Hash": "8a8f02d1934dfd6431c671361510dd0b",
      "Requirements": [
        "ellipsis",
        "fansi",
        "lifecycle",
        "magrittr",
        "pillar",
        "pkgconfig",
        "rlang",
        "vctrs"
      ]
    },
    "tidyr": {
      "Package": "tidyr",
      "Version": "1.0.2",
      "Source": "Repository",
      "Repository": "RSPM",
      "Hash": "fb73a010ace00d6c584c2b53a21b969c",
      "Requirements": [
        "Rcpp",
        "dplyr",
        "ellipsis",
        "glue",
        "lifecycle",
        "magrittr",
        "purrr",
        "rlang",
        "stringi",
        "tibble",
        "tidyselect",
        "vctrs"
      ]
    },
    "tidyselect": {
      "Package": "tidyselect",
      "Version": "1.1.2",
      "Source": "Repository",
      "Repository": "RSPM",
      "Hash": "17f6da8cfd7002760a859915ce7eef8f",
      "Requirements": [
        "ellipsis",
        "glue",
        "purrr",
        "rlang",
        "vctrs"
      ]
    },
    "tinytex": {
      "Package": "tinytex",
      "Version": "0.35",
      "Source": "Repository",
      "Repository": "RSPM",
      "Hash": "1d7220fe46159fb9f5c99a44354a2bff",
      "Requirements": [
        "xfun"
      ]
    },
    "toastui": {
      "Package": "toastui",
      "Version": "0.2.1",
      "Source": "Repository",
      "Repository": "RSPM",
      "Hash": "c4bc53296d24935a59b96a4a6c65ff61",
      "Requirements": [
        "htmltools",
        "htmlwidgets",
        "magrittr",
        "rlang",
        "shiny",
        "shinyWidgets"
      ]
    },
    "utf8": {
      "Package": "utf8",
      "Version": "1.1.4",
      "Source": "Repository",
      "Repository": "RSPM",
      "Hash": "4a5081acfb7b81a572e4384a7aaf2af1",
      "Requirements": []
    },
    "uuid": {
      "Package": "uuid",
      "Version": "0.1-2",
      "Source": "Repository",
      "Repository": "RSPM",
      "Hash": "a7b4e18971d6981361712704c76f50f3",
      "Requirements": []
    },
    "vctrs": {
      "Package": "vctrs",
      "Version": "0.3.8",
      "Source": "Repository",
      "Repository": "RSPM",
      "Hash": "ecf749a1b39ea72bd9b51b76292261f1",
      "Requirements": [
        "ellipsis",
        "glue",
        "rlang"
      ]
    },
    "viridisLite": {
      "Package": "viridisLite",
      "Version": "0.3.0",
      "Source": "Repository",
      "Repository": "RSPM",
      "Hash": "ce4f6271baa94776db692f1cb2055bee",
      "Requirements": []
    },
    "visNetwork": {
      "Package": "visNetwork",
      "Version": "2.1.0",
      "Source": "Repository",
      "Repository": "RSPM",
      "Hash": "99b515a03efb8dcc4e4be337f37bf087",
      "Requirements": [
        "htmltools",
        "htmlwidgets",
        "jsonlite",
        "magrittr"
      ]
    },
    "withr": {
      "Package": "withr",
      "Version": "2.1.2",
      "Source": "Repository",
      "Repository": "RSPM",
      "Hash": "aa57ed55ff2df4bea697a07df528993d",
      "Requirements": []
    },
    "xfun": {
      "Package": "xfun",
      "Version": "0.28",
      "Source": "Repository",
      "Repository": "RSPM",
      "Hash": "f7f3a61ab62cd046d307577a8ae12999",
      "Requirements": []
    },
    "xtable": {
      "Package": "xtable",
      "Version": "1.8-4",
      "Source": "Repository",
      "Repository": "RSPM",
      "Hash": "b8acdf8af494d9ec19ccb2481a9b11c2",
      "Requirements": []
    },
    "yaml": {
      "Package": "yaml",
      "Version": "2.2.1",
      "Source": "Repository",
      "Repository": "RSPM",
      "Hash": "2826c5d9efb0a88f657c7a679c7106db",
      "Requirements": []
    }
  }
}
